<?xml version="1.0" encoding="utf-8"?>
<Project ToolsVersion="4.0" xmlns="http://schemas.microsoft.com/developer/msbuild/2003">
  <ItemGroup>
    <Filter Include="include">
      <UniqueIdentifier>{bec3ef6f-7c52-4559-9608-4885701926ca}</UniqueIdentifier>
    </Filter>
    <Filter Include="include\varray">
      <UniqueIdentifier>{09f38404-7cca-44e6-986a-e8f1508ebd6c}</UniqueIdentifier>
    </Filter>
    <Filter Include="include\vectorised_types">
      <UniqueIdentifier>{b2babc03-143f-4230-bcbb-6d4c746c6344}</UniqueIdentifier>
    </Filter>
    <Filter Include="include\macros">
      <UniqueIdentifier>{7f340456-9644-42fb-a553-3c93e9c174f5}</UniqueIdentifier>
    </Filter>
  </ItemGroup>
  <ItemGroup>
    <Natvis Include="varray.natvis" />
  </ItemGroup>
  <ItemGroup>
    <ClCompile Include="main.cpp" />
  </ItemGroup>
  <ItemGroup>
    <ClInclude Include="include\macros\macros.hpp">
      <Filter>include\macros</Filter>
    </ClInclude>
    <ClInclude Include="include\vectorised_types\vdouble4.hpp">
      <Filter>include\vectorised_types</Filter>
    </ClInclude>
    <ClInclude Include="include\vectorised_types\vfloat8.hpp">
      <Filter>include\vectorised_types</Filter>
    </ClInclude>
    <ClInclude Include="include\varray\varray.hpp">
      <Filter>include\varray</Filter>
    </ClInclude>
    <ClInclude Include="include\varray\varray_math.hpp">
      <Filter>include\varray</Filter>
    </ClInclude>
    <ClInclude Include="include\varray\varray_utils.hpp">
      <Filter>include\varray</Filter>
    </ClInclude>
    <ClInclude Include="include\vectorised_types\vtype_traits.hpp">
      <Filter>include\vectorised_types</Filter>
    </ClInclude>
    <ClInclude Include="include\vectorised_types\vmath.hpp">
      <Filter>include\vectorised_types</Filter>
    </ClInclude>
  </ItemGroup>
</Project>